
Microsoft Visual Studio Solution File, Format Version 12.00
# Visual Studio Version 17
VisualStudioVersion = 17.9.34728.123
MinimumVisualStudioVersion = 10.0.40219.1
Project("{FAE04EC0-301F-11D3-BF4B-00C04F79EFBC}") = "WpfAppTODO", "WpfAppTODO\WpfAppTODO.csproj", "{A73E172B-3061-4F4A-939B-1E4D6392E0D8}"
EndProject
Global
	GlobalSection(SolutionConfigurationPlatforms) = preSolution
		Debug|Any CPU = Debug|Any CPU
		Release|Any CPU = Release|Any CPU
	EndGlobalSection
	GlobalSection(ProjectConfigurationPlatforms) = postSolution
		{A73E172B-3061-4F4A-939B-1E4D6392E0D8}.Debug|Any CPU.ActiveCfg = Debug|Any CPU
		{A73E172B-3061-4F4A-939B-1E4D6392E0D8}.Debug|Any CPU.Build.0 = Debug|Any CPU
		{A73E172B-3061-4F4A-939B-1E4D6392E0D8}.Release|Any CPU.ActiveCfg = Release|Any CPU
		{A73E172B-3061-4F4A-939B-1E4D6392E0D8}.Release|Any CPU.Build.0 = Release|Any CPU
	EndGlobalSection
	GlobalSection(SolutionProperties) = preSolution
		HideSolutionNode = FALSE
	EndGlobalSection
	GlobalSection(ExtensibilityGlobals) = postSolution
		SolutionGuid = {C3E6EAD1-A185-4B94-8E07-1DFF983F4A16}
	EndGlobalSection
EndGlobal
